{
  "pins" : [
    {
      "identity" : "prism",
      "kind" : "remoteSourceControl",
      "location" : "https://github.com/jordanbaird/Prism",
      "state" : {
        "revision" : "1f04d2a56fde1a55b04a46f0fa0937a0e936be4d",
        "version" : "0.0.5"
      }
    },
    {
      "identity" : "swift-argument-parser",
      "kind" : "remoteSourceControl",
      "location" : "https://github.com/apple/swift-argument-parser",
      "state" : {
        "revision" : "9f39744e025c7d377987f30b03770805dcb0bcd1",
        "version" : "1.1.4"
      }
    }
  ],
  "version" : 2
}
