{
  "pins" : [
    {
      "identity" : "prism",
      "kind" : "remoteSourceControl",
      "location" : "https://github.com/jordanbaird/Prism",
      "state" : {
        "revision" : "9bb480683de5d527a87a994c8a55ac188158bb14",
        "version" : "0.0.9"
      }
    },
    {
      "identity" : "swift-argument-parser",
      "kind" : "remoteSourceControl",
      "location" : "https://github.com/apple/swift-argument-parser",
      "state" : {
        "revision" : "9f39744e025c7d377987f30b03770805dcb0bcd1",
        "version" : "1.1.4"
      }
    }
  ],
  "version" : 2
}
