// !$*UTF8*$!
{
	archiveVersion = 1;
	classes = {
	};
	objectVersion = 55;
	objects = {

/* Begin PBXBuildFile section */
		71CEA02027DDA18D00E747B8 /* ArgumentParser in Frameworks */ = {isa = PBXBuildFile; productRef = 71CEA01F27DDA18D00E747B8 /* ArgumentParser */; };
		71CEA02327DDA1BB00E747B8 /* Prism in Frameworks */ = {isa = PBXBuildFile; productRef = 71CEA02227DDA1BB00E747B8 /* Prism */; };
		71CEA02527DDA1CA00E747B8 /* Create.swift in Sources */ = {isa = PBXBuildFile; fileRef = 71CEA02427DDA1CA00E747B8 /* Create.swift */; };
		71CEA02727DDA1CF00E747B8 /* IconSet.swift in Sources */ = {isa = PBXBuildFile; fileRef = 71CEA02627DDA1CF00E747B8 /* IconSet.swift */; };
		71CEA02927DDA1D300E747B8 /* IconUtil.swift in Sources */ = {isa = PBXBuildFile; fileRef = 71CEA02827DDA1D300E747B8 /* IconUtil.swift */; };
		71CEA02B27DDA1D800E747B8 /* CreationError.swift in Sources */ = {isa = PBXBuildFile; fileRef = 71CEA02A27DDA1D800E747B8 /* CreationError.swift */; };
/* End PBXBuildFile section */

/* Begin PBXCopyFilesBuildPhase section */
		71CEA01227DDA16600E747B8 /* CopyFiles */ = {
			isa = PBXCopyFilesBuildPhase;
			buildActionMask = 2147483647;
			dstPath = /usr/share/man/man1/;
			dstSubfolderSpec = 0;
			files = (
			);
			runOnlyForDeploymentPostprocessing = 1;
		};
/* End PBXCopyFilesBuildPhase section */

/* Begin PBXFileReference section */
		71CEA01427DDA16600E747B8 /* createicns */ = {isa = PBXFileReference; explicitFileType = "compiled.mach-o.executable"; includeInIndex = 0; path = createicns; sourceTree = BUILT_PRODUCTS_DIR; };
		71CEA02427DDA1CA00E747B8 /* Create.swift */ = {isa = PBXFileReference; fileEncoding = 4; lastKnownFileType = sourcecode.swift; path = Create.swift; sourceTree = "<group>"; };
		71CEA02627DDA1CF00E747B8 /* IconSet.swift */ = {isa = PBXFileReference; fileEncoding = 4; lastKnownFileType = sourcecode.swift; path = IconSet.swift; sourceTree = "<group>"; };
		71CEA02827DDA1D300E747B8 /* IconUtil.swift */ = {isa = PBXFileReference; fileEncoding = 4; lastKnownFileType = sourcecode.swift; path = IconUtil.swift; sourceTree = "<group>"; };
		71CEA02A27DDA1D800E747B8 /* CreationError.swift */ = {isa = PBXFileReference; fileEncoding = 4; lastKnownFileType = sourcecode.swift; path = CreationError.swift; sourceTree = "<group>"; };
/* End PBXFileReference section */

/* Begin PBXFrameworksBuildPhase section */
		71CEA01127DDA16600E747B8 /* Frameworks */ = {
			isa = PBXFrameworksBuildPhase;
			buildActionMask = 2147483647;
			files = (
				71CEA02327DDA1BB00E747B8 /* Prism in Frameworks */,
				71CEA02027DDA18D00E747B8 /* ArgumentParser in Frameworks */,
			);
			runOnlyForDeploymentPostprocessing = 0;
		};
/* End PBXFrameworksBuildPhase section */

/* Begin PBXGroup section */
		71CEA00B27DDA16600E747B8 = {
			isa = PBXGroup;
			children = (
				71CEA01627DDA16600E747B8 /* Sources */,
				71CEA01527DDA16600E747B8 /* Products */,
			);
			sourceTree = "<group>";
		};
		71CEA01527DDA16600E747B8 /* Products */ = {
			isa = PBXGroup;
			children = (
				71CEA01427DDA16600E747B8 /* createicns */,
			);
			name = Products;
			sourceTree = "<group>";
		};
		71CEA01627DDA16600E747B8 /* Sources */ = {
			isa = PBXGroup;
			children = (
				71CEA02427DDA1CA00E747B8 /* Create.swift */,
				71CEA02A27DDA1D800E747B8 /* CreationError.swift */,
				71CEA02627DDA1CF00E747B8 /* IconSet.swift */,
				71CEA02827DDA1D300E747B8 /* IconUtil.swift */,
			);
			path = Sources;
			sourceTree = "<group>";
		};
/* End PBXGroup section */

/* Begin PBXNativeTarget section */
		71CEA01327DDA16600E747B8 /* createicns */ = {
			isa = PBXNativeTarget;
			buildConfigurationList = 71CEA01B27DDA16600E747B8 /* Build configuration list for PBXNativeTarget "createicns" */;
			buildPhases = (
				71CEA01027DDA16600E747B8 /* Sources */,
				71CEA01127DDA16600E747B8 /* Frameworks */,
				71CEA01227DDA16600E747B8 /* CopyFiles */,
			);
			buildRules = (
			);
			dependencies = (
			);
			name = createicns;
			packageProductDependencies = (
				71CEA01F27DDA18D00E747B8 /* ArgumentParser */,
				71CEA02227DDA1BB00E747B8 /* Prism */,
			);
			productName = createicns;
			productReference = 71CEA01427DDA16600E747B8 /* createicns */;
			productType = "com.apple.product-type.tool";
		};
/* End PBXNativeTarget section */

/* Begin PBXProject section */
		71CEA00C27DDA16600E747B8 /* Project object */ = {
			isa = PBXProject;
			attributes = {
				BuildIndependentTargetsInParallel = 1;
				LastSwiftUpdateCheck = 1330;
				LastUpgradeCheck = 1340;
				TargetAttributes = {
					71CEA01327DDA16600E747B8 = {
						CreatedOnToolsVersion = 13.3;
					};
				};
			};
			buildConfigurationList = 71CEA00F27DDA16600E747B8 /* Build configuration list for PBXProject "createicns" */;
			compatibilityVersion = "Xcode 13.0";
			developmentRegion = en;
			hasScannedForEncodings = 0;
			knownRegions = (
				en,
				Base,
			);
			mainGroup = 71CEA00B27DDA16600E747B8;
			packageReferences = (
				71CEA01E27DDA18D00E747B8 /* XCRemoteSwiftPackageReference "swift-argument-parser" */,
				71CEA02127DDA1BB00E747B8 /* XCRemoteSwiftPackageReference "Prism" */,
			);
			productRefGroup = 71CEA01527DDA16600E747B8 /* Products */;
			projectDirPath = "";
			projectRoot = "";
			targets = (
				71CEA01327DDA16600E747B8 /* createicns */,
			);
		};
/* End PBXProject section */

/* Begin PBXSourcesBuildPhase section */
		71CEA01027DDA16600E747B8 /* Sources */ = {
			isa = PBXSourcesBuildPhase;
			buildActionMask = 2147483647;
			files = (
				71CEA02927DDA1D300E747B8 /* IconUtil.swift in Sources */,
				71CEA02B27DDA1D800E747B8 /* CreationError.swift in Sources */,
				71CEA02727DDA1CF00E747B8 /* IconSet.swift in Sources */,
				71CEA02527DDA1CA00E747B8 /* Create.swift in Sources */,
			);
			runOnlyForDeploymentPostprocessing = 0;
		};
/* End PBXSourcesBuildPhase section */

/* Begin XCBuildConfiguration section */
		71CEA01927DDA16600E747B8 /* Debug */ = {
			isa = XCBuildConfiguration;
			buildSettings = {
				ALWAYS_SEARCH_USER_PATHS = NO;
				CLANG_ANALYZER_NONNULL = YES;
				CLANG_ANALYZER_NUMBER_OBJECT_CONVERSION = YES_AGGRESSIVE;
				CLANG_CXX_LANGUAGE_STANDARD = "gnu++17";
				CLANG_ENABLE_MODULES = YES;
				CLANG_ENABLE_OBJC_ARC = YES;
				CLANG_ENABLE_OBJC_WEAK = YES;
				CLANG_WARN_BLOCK_CAPTURE_AUTORELEASING = YES;
				CLANG_WARN_BOOL_CONVERSION = YES;
				CLANG_WARN_COMMA = YES;
				CLANG_WARN_CONSTANT_CONVERSION = YES;
				CLANG_WARN_DEPRECATED_OBJC_IMPLEMENTATIONS = YES;
				CLANG_WARN_DIRECT_OBJC_ISA_USAGE = YES_ERROR;
				CLANG_WARN_DOCUMENTATION_COMMENTS = YES;
				CLANG_WARN_EMPTY_BODY = YES;
				CLANG_WARN_ENUM_CONVERSION = YES;
				CLANG_WARN_INFINITE_RECURSION = YES;
				CLANG_WARN_INT_CONVERSION = YES;
				CLANG_WARN_NON_LITERAL_NULL_CONVERSION = YES;
				CLANG_WARN_OBJC_IMPLICIT_RETAIN_SELF = YES;
				CLANG_WARN_OBJC_LITERAL_CONVERSION = YES;
				CLANG_WARN_OBJC_ROOT_CLASS = YES_ERROR;
				CLANG_WARN_QUOTED_INCLUDE_IN_FRAMEWORK_HEADER = YES;
				CLANG_WARN_RANGE_LOOP_ANALYSIS = YES;
				CLANG_WARN_STRICT_PROTOTYPES = YES;
				CLANG_WARN_SUSPICIOUS_MOVE = YES;
				CLANG_WARN_UNGUARDED_AVAILABILITY = YES_AGGRESSIVE;
				CLANG_WARN_UNREACHABLE_CODE = YES;
				CLANG_WARN__DUPLICATE_METHOD_MATCH = YES;
				COPY_PHASE_STRIP = NO;
				DEBUG_INFORMATION_FORMAT = dwarf;
				ENABLE_STRICT_OBJC_MSGSEND = YES;
				ENABLE_TESTABILITY = YES;
				GCC_C_LANGUAGE_STANDARD = gnu11;
				GCC_DYNAMIC_NO_PIC = NO;
				GCC_NO_COMMON_BLOCKS = YES;
				GCC_OPTIMIZATION_LEVEL = 0;
				GCC_PREPROCESSOR_DEFINITIONS = (
					"DEBUG=1",
					"$(inherited)",
				);
				GCC_WARN_64_TO_32_BIT_CONVERSION = YES;
				GCC_WARN_ABOUT_RETURN_TYPE = YES_ERROR;
				GCC_WARN_UNDECLARED_SELECTOR = YES;
				GCC_WARN_UNINITIALIZED_AUTOS = YES_AGGRESSIVE;
				GCC_WARN_UNUSED_FUNCTION = YES;
				GCC_WARN_UNUSED_VARIABLE = YES;
				MACOSX_DEPLOYMENT_TARGET = 10.10;
				MTL_ENABLE_DEBUG_INFO = INCLUDE_SOURCE;
				MTL_FAST_MATH = YES;
				ONLY_ACTIVE_ARCH = YES;
				SDKROOT = macosx;
				SWIFT_ACTIVE_COMPILATION_CONDITIONS = DEBUG;
				SWIFT_OPTIMIZATION_LEVEL = "-Onone";
			};
			name = Debug;
		};
		71CEA01A27DDA16600E747B8 /* Release */ = {
			isa = XCBuildConfiguration;
			buildSettings = {
				ALWAYS_SEARCH_USER_PATHS = NO;
				CLANG_ANALYZER_NONNULL = YES;
				CLANG_ANALYZER_NUMBER_OBJECT_CONVERSION = YES_AGGRESSIVE;
				CLANG_CXX_LANGUAGE_STANDARD = "gnu++17";
				CLANG_ENABLE_MODULES = YES;
				CLANG_ENABLE_OBJC_ARC = YES;
				CLANG_ENABLE_OBJC_WEAK = YES;
				CLANG_WARN_BLOCK_CAPTURE_AUTORELEASING = YES;
				CLANG_WARN_BOOL_CONVERSION = YES;
				CLANG_WARN_COMMA = YES;
				CLANG_WARN_CONSTANT_CONVERSION = YES;
				CLANG_WARN_DEPRECATED_OBJC_IMPLEMENTATIONS = YES;
				CLANG_WARN_DIRECT_OBJC_ISA_USAGE = YES_ERROR;
				CLANG_WARN_DOCUMENTATION_COMMENTS = YES;
				CLANG_WARN_EMPTY_BODY = YES;
				CLANG_WARN_ENUM_CONVERSION = YES;
				CLANG_WARN_INFINITE_RECURSION = YES;
				CLANG_WARN_INT_CONVERSION = YES;
				CLANG_WARN_NON_LITERAL_NULL_CONVERSION = YES;
				CLANG_WARN_OBJC_IMPLICIT_RETAIN_SELF = YES;
				CLANG_WARN_OBJC_LITERAL_CONVERSION = YES;
				CLANG_WARN_OBJC_ROOT_CLASS = YES_ERROR;
				CLANG_WARN_QUOTED_INCLUDE_IN_FRAMEWORK_HEADER = YES;
				CLANG_WARN_RANGE_LOOP_ANALYSIS = YES;
				CLANG_WARN_STRICT_PROTOTYPES = YES;
				CLANG_WARN_SUSPICIOUS_MOVE = YES;
				CLANG_WARN_UNGUARDED_AVAILABILITY = YES_AGGRESSIVE;
				CLANG_WARN_UNREACHABLE_CODE = YES;
				CLANG_WARN__DUPLICATE_METHOD_MATCH = YES;
				COPY_PHASE_STRIP = NO;
				DEBUG_INFORMATION_FORMAT = "dwarf-with-dsym";
				ENABLE_NS_ASSERTIONS = NO;
				ENABLE_STRICT_OBJC_MSGSEND = YES;
				GCC_C_LANGUAGE_STANDARD = gnu11;
				GCC_NO_COMMON_BLOCKS = YES;
				GCC_WARN_64_TO_32_BIT_CONVERSION = YES;
				GCC_WARN_ABOUT_RETURN_TYPE = YES_ERROR;
				GCC_WARN_UNDECLARED_SELECTOR = YES;
				GCC_WARN_UNINITIALIZED_AUTOS = YES_AGGRESSIVE;
				GCC_WARN_UNUSED_FUNCTION = YES;
				GCC_WARN_UNUSED_VARIABLE = YES;
				MACOSX_DEPLOYMENT_TARGET = 10.10;
				MTL_ENABLE_DEBUG_INFO = NO;
				MTL_FAST_MATH = YES;
				SDKROOT = macosx;
				SWIFT_COMPILATION_MODE = wholemodule;
				SWIFT_OPTIMIZATION_LEVEL = "-O";
			};
			name = Release;
		};
		71CEA01C27DDA16600E747B8 /* Debug */ = {
			isa = XCBuildConfiguration;
			buildSettings = {
				CODE_SIGN_IDENTITY = "-";
				CODE_SIGN_STYLE = Automatic;
				DEVELOPMENT_TEAM = 9QZT3K3FGH;
				ENABLE_HARDENED_RUNTIME = YES;
				PRODUCT_NAME = "$(TARGET_NAME)";
				SWIFT_VERSION = 5.0;
			};
			name = Debug;
		};
		71CEA01D27DDA16600E747B8 /* Release */ = {
			isa = XCBuildConfiguration;
			buildSettings = {
				CODE_SIGN_IDENTITY = "-";
				CODE_SIGN_STYLE = Automatic;
				DEVELOPMENT_TEAM = 9QZT3K3FGH;
				ENABLE_HARDENED_RUNTIME = YES;
				PRODUCT_NAME = "$(TARGET_NAME)";
				SWIFT_VERSION = 5.0;
			};
			name = Release;
		};
/* End XCBuildConfiguration section */

/* Begin XCConfigurationList section */
		71CEA00F27DDA16600E747B8 /* Build configuration list for PBXProject "createicns" */ = {
			isa = XCConfigurationList;
			buildConfigurations = (
				71CEA01927DDA16600E747B8 /* Debug */,
				71CEA01A27DDA16600E747B8 /* Release */,
			);
			defaultConfigurationIsVisible = 0;
			defaultConfigurationName = Release;
		};
		71CEA01B27DDA16600E747B8 /* Build configuration list for PBXNativeTarget "createicns" */ = {
			isa = XCConfigurationList;
			buildConfigurations = (
				71CEA01C27DDA16600E747B8 /* Debug */,
				71CEA01D27DDA16600E747B8 /* Release */,
			);
			defaultConfigurationIsVisible = 0;
			defaultConfigurationName = Release;
		};
/* End XCConfigurationList section */

/* Begin XCRemoteSwiftPackageReference section */
		71CEA01E27DDA18D00E747B8 /* XCRemoteSwiftPackageReference "swift-argument-parser" */ = {
			isa = XCRemoteSwiftPackageReference;
			repositoryURL = "https://github.com/apple/swift-argument-parser.git";
			requirement = {
				kind = upToNextMajorVersion;
				minimumVersion = 1.0.0;
			};
		};
		71CEA02127DDA1BB00E747B8 /* XCRemoteSwiftPackageReference "Prism" */ = {
			isa = XCRemoteSwiftPackageReference;
			repositoryURL = "https://github.com/jordanbaird/Prism";
			requirement = {
				kind = upToNextMajorVersion;
				minimumVersion = 0.1.0;
			};
		};
/* End XCRemoteSwiftPackageReference section */

/* Begin XCSwiftPackageProductDependency section */
		71CEA01F27DDA18D00E747B8 /* ArgumentParser */ = {
			isa = XCSwiftPackageProductDependency;
			package = 71CEA01E27DDA18D00E747B8 /* XCRemoteSwiftPackageReference "swift-argument-parser" */;
			productName = ArgumentParser;
		};
		71CEA02227DDA1BB00E747B8 /* Prism */ = {
			isa = XCSwiftPackageProductDependency;
			package = 71CEA02127DDA1BB00E747B8 /* XCRemoteSwiftPackageReference "Prism" */;
			productName = Prism;
		};
/* End XCSwiftPackageProductDependency section */
	};
	rootObject = 71CEA00C27DDA16600E747B8 /* Project object */;
}
